
Microsoft Visual Studio Solution File, Format Version 12.00
# Visual Studio 15
VisualStudioVersion = 15.0.27130.2003
MinimumVisualStudioVersion = 10.0.40219.1
Project("{FAE04EC0-301F-11D3-BF4B-00C04F79EFBC}") = "Pokedex.Android", "Pokedex\Pokedex.Android\Pokedex.Android.csproj", "{8259430C-39A7-484A-932F-C128E59B6CCA}"
EndProject
Project("{FAE04EC0-301F-11D3-BF4B-00C04F79EFBC}") = "Pokedex", "Pokedex\Pokedex\Pokedex.csproj", "{53EA8417-2CE9-4D67-8A23-8F6D57AC0242}"
EndProject
Project("{FAE04EC0-301F-11D3-BF4B-00C04F79EFBC}") = "Pokedex.UWP", "Pokedex\Pokedex.UWP\Pokedex.UWP.csproj", "{708B9438-8A94-46CC-A1B6-B93A04CFB5B3}"
EndProject
Project("{FAE04EC0-301F-11D3-BF4B-00C04F79EFBC}") = "Pokedex.iOS", "Pokedex\Pokedex.iOS\Pokedex.iOS.csproj", "{9B17D6A5-8732-42E3-BE96-3D3B76D7E6D2}"
EndProject
Global
	GlobalSection(SolutionConfigurationPlatforms) = preSolution
		Ad-Hoc|Any CPU = Ad-Hoc|Any CPU
		Ad-Hoc|ARM = Ad-Hoc|ARM
		Ad-Hoc|iPhone = Ad-Hoc|iPhone
		Ad-Hoc|iPhoneSimulator = Ad-Hoc|iPhoneSimulator
		Ad-Hoc|x64 = Ad-Hoc|x64
		Ad-Hoc|x86 = Ad-Hoc|x86
		AppStore|Any CPU = AppStore|Any CPU
		AppStore|ARM = AppStore|ARM
		AppStore|iPhone = AppStore|iPhone
		AppStore|iPhoneSimulator = AppStore|iPhoneSimulator
		AppStore|x64 = AppStore|x64
		AppStore|x86 = AppStore|x86
		Debug|Any CPU = Debug|Any CPU
		Debug|ARM = Debug|ARM
		Debug|iPhone = Debug|iPhone
		Debug|iPhoneSimulator = Debug|iPhoneSimulator
		Debug|x64 = Debug|x64
		Debug|x86 = Debug|x86
		Release|Any CPU = Release|Any CPU
		Release|ARM = Release|ARM
		Release|iPhone = Release|iPhone
		Release|iPhoneSimulator = Release|iPhoneSimulator
		Release|x64 = Release|x64
		Release|x86 = Release|x86
	EndGlobalSection
	GlobalSection(ProjectConfigurationPlatforms) = postSolution
		{8259430C-39A7-484A-932F-C128E59B6CCA}.Ad-Hoc|Any CPU.ActiveCfg = Release|Any CPU
		{8259430C-39A7-484A-932F-C128E59B6CCA}.Ad-Hoc|Any CPU.Build.0 = Release|Any CPU
		{8259430C-39A7-484A-932F-C128E59B6CCA}.Ad-Hoc|Any CPU.Deploy.0 = Release|Any CPU
		{8259430C-39A7-484A-932F-C128E59B6CCA}.Ad-Hoc|ARM.ActiveCfg = Release|Any CPU
		{8259430C-39A7-484A-932F-C128E59B6CCA}.Ad-Hoc|ARM.Build.0 = Release|Any CPU
		{8259430C-39A7-484A-932F-C128E59B6CCA}.Ad-Hoc|ARM.Deploy.0 = Release|Any CPU
		{8259430C-39A7-484A-932F-C128E59B6CCA}.Ad-Hoc|iPhone.ActiveCfg = Release|Any CPU
		{8259430C-39A7-484A-932F-C128E59B6CCA}.Ad-Hoc|iPhone.Build.0 = Release|Any CPU
		{8259430C-39A7-484A-932F-C128E59B6CCA}.Ad-Hoc|iPhone.Deploy.0 = Release|Any CPU
		{8259430C-39A7-484A-932F-C128E59B6CCA}.Ad-Hoc|iPhoneSimulator.ActiveCfg = Release|Any CPU
		{8259430C-39A7-484A-932F-C128E59B6CCA}.Ad-Hoc|iPhoneSimulator.Build.0 = Release|Any CPU
		{8259430C-39A7-484A-932F-C128E59B6CCA}.Ad-Hoc|iPhoneSimulator.Deploy.0 = Release|Any CPU
		{8259430C-39A7-484A-932F-C128E59B6CCA}.Ad-Hoc|x64.ActiveCfg = Release|Any CPU
		{8259430C-39A7-484A-932F-C128E59B6CCA}.Ad-Hoc|x64.Build.0 = Release|Any CPU
		{8259430C-39A7-484A-932F-C128E59B6CCA}.Ad-Hoc|x64.Deploy.0 = Release|Any CPU
		{8259430C-39A7-484A-932F-C128E59B6CCA}.Ad-Hoc|x86.ActiveCfg = Release|Any CPU
		{8259430C-39A7-484A-932F-C128E59B6CCA}.Ad-Hoc|x86.Build.0 = Release|Any CPU
		{8259430C-39A7-484A-932F-C128E59B6CCA}.Ad-Hoc|x86.Deploy.0 = Release|Any CPU
		{8259430C-39A7-484A-932F-C128E59B6CCA}.AppStore|Any CPU.ActiveCfg = Release|Any CPU
		{8259430C-39A7-484A-932F-C128E59B6CCA}.AppStore|Any CPU.Build.0 = Release|Any CPU
		{8259430C-39A7-484A-932F-C128E59B6CCA}.AppStore|Any CPU.Deploy.0 = Release|Any CPU
		{8259430C-39A7-484A-932F-C128E59B6CCA}.AppStore|ARM.ActiveCfg = Release|Any CPU
		{8259430C-39A7-484A-932F-C128E59B6CCA}.AppStore|ARM.Build.0 = Release|Any CPU
		{8259430C-39A7-484A-932F-C128E59B6CCA}.AppStore|ARM.Deploy.0 = Release|Any CPU
		{8259430C-39A7-484A-932F-C128E59B6CCA}.AppStore|iPhone.ActiveCfg = Release|Any CPU
		{8259430C-39A7-484A-932F-C128E59B6CCA}.AppStore|iPhone.Build.0 = Release|Any CPU
		{8259430C-39A7-484A-932F-C128E59B6CCA}.AppStore|iPhone.Deploy.0 = Release|Any CPU
		{8259430C-39A7-484A-932F-C128E59B6CCA}.AppStore|iPhoneSimulator.ActiveCfg = Release|Any CPU
		{8259430C-39A7-484A-932F-C128E59B6CCA}.AppStore|iPhoneSimulator.Build.0 = Release|Any CPU
		{8259430C-39A7-484A-932F-C128E59B6CCA}.AppStore|iPhoneSimulator.Deploy.0 = Release|Any CPU
		{8259430C-39A7-484A-932F-C128E59B6CCA}.AppStore|x64.ActiveCfg = Release|Any CPU
		{8259430C-39A7-484A-932F-C128E59B6CCA}.AppStore|x64.Build.0 = Release|Any CPU
		{8259430C-39A7-484A-932F-C128E59B6CCA}.AppStore|x64.Deploy.0 = Release|Any CPU
		{8259430C-39A7-484A-932F-C128E59B6CCA}.AppStore|x86.ActiveCfg = Release|Any CPU
		{8259430C-39A7-484A-932F-C128E59B6CCA}.AppStore|x86.Build.0 = Release|Any CPU
		{8259430C-39A7-484A-932F-C128E59B6CCA}.AppStore|x86.Deploy.0 = Release|Any CPU
		{8259430C-39A7-484A-932F-C128E59B6CCA}.Debug|Any CPU.ActiveCfg = Debug|Any CPU
		{8259430C-39A7-484A-932F-C128E59B6CCA}.Debug|Any CPU.Build.0 = Debug|Any CPU
		{8259430C-39A7-484A-932F-C128E59B6CCA}.Debug|Any CPU.Deploy.0 = Debug|Any CPU
		{8259430C-39A7-484A-932F-C128E59B6CCA}.Debug|ARM.ActiveCfg = Debug|Any CPU
		{8259430C-39A7-484A-932F-C128E59B6CCA}.Debug|ARM.Build.0 = Debug|Any CPU
		{8259430C-39A7-484A-932F-C128E59B6CCA}.Debug|ARM.Deploy.0 = Debug|Any CPU
		{8259430C-39A7-484A-932F-C128E59B6CCA}.Debug|iPhone.ActiveCfg = Debug|Any CPU
		{8259430C-39A7-484A-932F-C128E59B6CCA}.Debug|iPhone.Build.0 = Debug|Any CPU
		{8259430C-39A7-484A-932F-C128E59B6CCA}.Debug|iPhone.Deploy.0 = Debug|Any CPU
		{8259430C-39A7-484A-932F-C128E59B6CCA}.Debug|iPhoneSimulator.ActiveCfg = Debug|Any CPU
		{8259430C-39A7-484A-932F-C128E59B6CCA}.Debug|iPhoneSimulator.Build.0 = Debug|Any CPU
		{8259430C-39A7-484A-932F-C128E59B6CCA}.Debug|iPhoneSimulator.Deploy.0 = Debug|Any CPU
		{8259430C-39A7-484A-932F-C128E59B6CCA}.Debug|x64.ActiveCfg = Debug|Any CPU
		{8259430C-39A7-484A-932F-C128E59B6CCA}.Debug|x64.Build.0 = Debug|Any CPU
		{8259430C-39A7-484A-932F-C128E59B6CCA}.Debug|x64.Deploy.0 = Debug|Any CPU
		{8259430C-39A7-484A-932F-C128E59B6CCA}.Debug|x86.ActiveCfg = Debug|Any CPU
		{8259430C-39A7-484A-932F-C128E59B6CCA}.Debug|x86.Build.0 = Debug|Any CPU
		{8259430C-39A7-484A-932F-C128E59B6CCA}.Debug|x86.Deploy.0 = Debug|Any CPU
		{8259430C-39A7-484A-932F-C128E59B6CCA}.Release|Any CPU.ActiveCfg = Release|Any CPU
		{8259430C-39A7-484A-932F-C128E59B6CCA}.Release|Any CPU.Build.0 = Release|Any CPU
		{8259430C-39A7-484A-932F-C128E59B6CCA}.Release|Any CPU.Deploy.0 = Release|Any CPU
		{8259430C-39A7-484A-932F-C128E59B6CCA}.Release|ARM.ActiveCfg = Release|Any CPU
		{8259430C-39A7-484A-932F-C128E59B6CCA}.Release|ARM.Build.0 = Release|Any CPU
		{8259430C-39A7-484A-932F-C128E59B6CCA}.Release|ARM.Deploy.0 = Release|Any CPU
		{8259430C-39A7-484A-932F-C128E59B6CCA}.Release|iPhone.ActiveCfg = Release|Any CPU
		{8259430C-39A7-484A-932F-C128E59B6CCA}.Release|iPhone.Build.0 = Release|Any CPU
		{8259430C-39A7-484A-932F-C128E59B6CCA}.Release|iPhone.Deploy.0 = Release|Any CPU
		{8259430C-39A7-484A-932F-C128E59B6CCA}.Release|iPhoneSimulator.ActiveCfg = Release|Any CPU
		{8259430C-39A7-484A-932F-C128E59B6CCA}.Release|iPhoneSimulator.Build.0 = Release|Any CPU
		{8259430C-39A7-484A-932F-C128E59B6CCA}.Release|iPhoneSimulator.Deploy.0 = Release|Any CPU
		{8259430C-39A7-484A-932F-C128E59B6CCA}.Release|x64.ActiveCfg = Release|Any CPU
		{8259430C-39A7-484A-932F-C128E59B6CCA}.Release|x64.Build.0 = Release|Any CPU
		{8259430C-39A7-484A-932F-C128E59B6CCA}.Release|x64.Deploy.0 = Release|Any CPU
		{8259430C-39A7-484A-932F-C128E59B6CCA}.Release|x86.ActiveCfg = Release|Any CPU
		{8259430C-39A7-484A-932F-C128E59B6CCA}.Release|x86.Build.0 = Release|Any CPU
		{8259430C-39A7-484A-932F-C128E59B6CCA}.Release|x86.Deploy.0 = Release|Any CPU
		{53EA8417-2CE9-4D67-8A23-8F6D57AC0242}.Ad-Hoc|Any CPU.ActiveCfg = Release|Any CPU
		{53EA8417-2CE9-4D67-8A23-8F6D57AC0242}.Ad-Hoc|Any CPU.Build.0 = Release|Any CPU
		{53EA8417-2CE9-4D67-8A23-8F6D57AC0242}.Ad-Hoc|ARM.ActiveCfg = Release|Any CPU
		{53EA8417-2CE9-4D67-8A23-8F6D57AC0242}.Ad-Hoc|ARM.Build.0 = Release|Any CPU
		{53EA8417-2CE9-4D67-8A23-8F6D57AC0242}.Ad-Hoc|iPhone.ActiveCfg = Release|Any CPU
		{53EA8417-2CE9-4D67-8A23-8F6D57AC0242}.Ad-Hoc|iPhone.Build.0 = Release|Any CPU
		{53EA8417-2CE9-4D67-8A23-8F6D57AC0242}.Ad-Hoc|iPhoneSimulator.ActiveCfg = Release|Any CPU
		{53EA8417-2CE9-4D67-8A23-8F6D57AC0242}.Ad-Hoc|iPhoneSimulator.Build.0 = Release|Any CPU
		{53EA8417-2CE9-4D67-8A23-8F6D57AC0242}.Ad-Hoc|x64.ActiveCfg = Release|Any CPU
		{53EA8417-2CE9-4D67-8A23-8F6D57AC0242}.Ad-Hoc|x64.Build.0 = Release|Any CPU
		{53EA8417-2CE9-4D67-8A23-8F6D57AC0242}.Ad-Hoc|x86.ActiveCfg = Release|Any CPU
		{53EA8417-2CE9-4D67-8A23-8F6D57AC0242}.Ad-Hoc|x86.Build.0 = Release|Any CPU
		{53EA8417-2CE9-4D67-8A23-8F6D57AC0242}.AppStore|Any CPU.ActiveCfg = Release|Any CPU
		{53EA8417-2CE9-4D67-8A23-8F6D57AC0242}.AppStore|Any CPU.Build.0 = Release|Any CPU
		{53EA8417-2CE9-4D67-8A23-8F6D57AC0242}.AppStore|ARM.ActiveCfg = Release|Any CPU
		{53EA8417-2CE9-4D67-8A23-8F6D57AC0242}.AppStore|ARM.Build.0 = Release|Any CPU
		{53EA8417-2CE9-4D67-8A23-8F6D57AC0242}.AppStore|iPhone.ActiveCfg = Release|Any CPU
		{53EA8417-2CE9-4D67-8A23-8F6D57AC0242}.AppStore|iPhone.Build.0 = Release|Any CPU
		{53EA8417-2CE9-4D67-8A23-8F6D57AC0242}.AppStore|iPhoneSimulator.ActiveCfg = Release|Any CPU
		{53EA8417-2CE9-4D67-8A23-8F6D57AC0242}.AppStore|iPhoneSimulator.Build.0 = Release|Any CPU
		{53EA8417-2CE9-4D67-8A23-8F6D57AC0242}.AppStore|x64.ActiveCfg = Release|Any CPU
		{53EA8417-2CE9-4D67-8A23-8F6D57AC0242}.AppStore|x64.Build.0 = Release|Any CPU
		{53EA8417-2CE9-4D67-8A23-8F6D57AC0242}.AppStore|x86.ActiveCfg = Release|Any CPU
		{53EA8417-2CE9-4D67-8A23-8F6D57AC0242}.AppStore|x86.Build.0 = Release|Any CPU
		{53EA8417-2CE9-4D67-8A23-8F6D57AC0242}.Debug|Any CPU.ActiveCfg = Debug|Any CPU
		{53EA8417-2CE9-4D67-8A23-8F6D57AC0242}.Debug|Any CPU.Build.0 = Debug|Any CPU
		{53EA8417-2CE9-4D67-8A23-8F6D57AC0242}.Debug|ARM.ActiveCfg = Debug|Any CPU
		{53EA8417-2CE9-4D67-8A23-8F6D57AC0242}.Debug|ARM.Build.0 = Debug|Any CPU
		{53EA8417-2CE9-4D67-8A23-8F6D57AC0242}.Debug|iPhone.ActiveCfg = Debug|Any CPU
		{53EA8417-2CE9-4D67-8A23-8F6D57AC0242}.Debug|iPhone.Build.0 = Debug|Any CPU
		{53EA8417-2CE9-4D67-8A23-8F6D57AC0242}.Debug|iPhoneSimulator.ActiveCfg = Debug|Any CPU
		{53EA8417-2CE9-4D67-8A23-8F6D57AC0242}.Debug|iPhoneSimulator.Build.0 = Debug|Any CPU
		{53EA8417-2CE9-4D67-8A23-8F6D57AC0242}.Debug|x64.ActiveCfg = Debug|Any CPU
		{53EA8417-2CE9-4D67-8A23-8F6D57AC0242}.Debug|x64.Build.0 = Debug|Any CPU
		{53EA8417-2CE9-4D67-8A23-8F6D57AC0242}.Debug|x86.ActiveCfg = Debug|Any CPU
		{53EA8417-2CE9-4D67-8A23-8F6D57AC0242}.Debug|x86.Build.0 = Debug|Any CPU
		{53EA8417-2CE9-4D67-8A23-8F6D57AC0242}.Release|Any CPU.ActiveCfg = Release|Any CPU
		{53EA8417-2CE9-4D67-8A23-8F6D57AC0242}.Release|Any CPU.Build.0 = Release|Any CPU
		{53EA8417-2CE9-4D67-8A23-8F6D57AC0242}.Release|ARM.ActiveCfg = Release|Any CPU
		{53EA8417-2CE9-4D67-8A23-8F6D57AC0242}.Release|ARM.Build.0 = Release|Any CPU
		{53EA8417-2CE9-4D67-8A23-8F6D57AC0242}.Release|iPhone.ActiveCfg = Release|Any CPU
		{53EA8417-2CE9-4D67-8A23-8F6D57AC0242}.Release|iPhone.Build.0 = Release|Any CPU
		{53EA8417-2CE9-4D67-8A23-8F6D57AC0242}.Release|iPhoneSimulator.ActiveCfg = Release|Any CPU
		{53EA8417-2CE9-4D67-8A23-8F6D57AC0242}.Release|iPhoneSimulator.Build.0 = Release|Any CPU
		{53EA8417-2CE9-4D67-8A23-8F6D57AC0242}.Release|x64.ActiveCfg = Release|Any CPU
		{53EA8417-2CE9-4D67-8A23-8F6D57AC0242}.Release|x64.Build.0 = Release|Any CPU
		{53EA8417-2CE9-4D67-8A23-8F6D57AC0242}.Release|x86.ActiveCfg = Release|Any CPU
		{53EA8417-2CE9-4D67-8A23-8F6D57AC0242}.Release|x86.Build.0 = Release|Any CPU
		{708B9438-8A94-46CC-A1B6-B93A04CFB5B3}.Ad-Hoc|Any CPU.ActiveCfg = Release|x86
		{708B9438-8A94-46CC-A1B6-B93A04CFB5B3}.Ad-Hoc|Any CPU.Build.0 = Release|x86
		{708B9438-8A94-46CC-A1B6-B93A04CFB5B3}.Ad-Hoc|Any CPU.Deploy.0 = Release|x86
		{708B9438-8A94-46CC-A1B6-B93A04CFB5B3}.Ad-Hoc|ARM.ActiveCfg = Release|ARM
		{708B9438-8A94-46CC-A1B6-B93A04CFB5B3}.Ad-Hoc|ARM.Build.0 = Release|ARM
		{708B9438-8A94-46CC-A1B6-B93A04CFB5B3}.Ad-Hoc|ARM.Deploy.0 = Release|ARM
		{708B9438-8A94-46CC-A1B6-B93A04CFB5B3}.Ad-Hoc|iPhone.ActiveCfg = Release|x86
		{708B9438-8A94-46CC-A1B6-B93A04CFB5B3}.Ad-Hoc|iPhone.Build.0 = Release|x86
		{708B9438-8A94-46CC-A1B6-B93A04CFB5B3}.Ad-Hoc|iPhone.Deploy.0 = Release|x86
		{708B9438-8A94-46CC-A1B6-B93A04CFB5B3}.Ad-Hoc|iPhoneSimulator.ActiveCfg = Release|x86
		{708B9438-8A94-46CC-A1B6-B93A04CFB5B3}.Ad-Hoc|iPhoneSimulator.Build.0 = Release|x86
		{708B9438-8A94-46CC-A1B6-B93A04CFB5B3}.Ad-Hoc|iPhoneSimulator.Deploy.0 = Release|x86
		{708B9438-8A94-46CC-A1B6-B93A04CFB5B3}.Ad-Hoc|x64.ActiveCfg = Release|x64
		{708B9438-8A94-46CC-A1B6-B93A04CFB5B3}.Ad-Hoc|x64.Build.0 = Release|x64
		{708B9438-8A94-46CC-A1B6-B93A04CFB5B3}.Ad-Hoc|x64.Deploy.0 = Release|x64
		{708B9438-8A94-46CC-A1B6-B93A04CFB5B3}.Ad-Hoc|x86.ActiveCfg = Release|x86
		{708B9438-8A94-46CC-A1B6-B93A04CFB5B3}.Ad-Hoc|x86.Build.0 = Release|x86
		{708B9438-8A94-46CC-A1B6-B93A04CFB5B3}.Ad-Hoc|x86.Deploy.0 = Release|x86
		{708B9438-8A94-46CC-A1B6-B93A04CFB5B3}.AppStore|Any CPU.ActiveCfg = Release|x86
		{708B9438-8A94-46CC-A1B6-B93A04CFB5B3}.AppStore|Any CPU.Build.0 = Release|x86
		{708B9438-8A94-46CC-A1B6-B93A04CFB5B3}.AppStore|Any CPU.Deploy.0 = Release|x86
		{708B9438-8A94-46CC-A1B6-B93A04CFB5B3}.AppStore|ARM.ActiveCfg = Release|ARM
		{708B9438-8A94-46CC-A1B6-B93A04CFB5B3}.AppStore|ARM.Build.0 = Release|ARM
		{708B9438-8A94-46CC-A1B6-B93A04CFB5B3}.AppStore|ARM.Deploy.0 = Release|ARM
		{708B9438-8A94-46CC-A1B6-B93A04CFB5B3}.AppStore|iPhone.ActiveCfg = Release|x86
		{708B9438-8A94-46CC-A1B6-B93A04CFB5B3}.AppStore|iPhone.Build.0 = Release|x86
		{708B9438-8A94-46CC-A1B6-B93A04CFB5B3}.AppStore|iPhone.Deploy.0 = Release|x86
		{708B9438-8A94-46CC-A1B6-B93A04CFB5B3}.AppStore|iPhoneSimulator.ActiveCfg = Release|x86
		{708B9438-8A94-46CC-A1B6-B93A04CFB5B3}.AppStore|iPhoneSimulator.Build.0 = Release|x86
		{708B9438-8A94-46CC-A1B6-B93A04CFB5B3}.AppStore|iPhoneSimulator.Deploy.0 = Release|x86
		{708B9438-8A94-46CC-A1B6-B93A04CFB5B3}.AppStore|x64.ActiveCfg = Release|x64
		{708B9438-8A94-46CC-A1B6-B93A04CFB5B3}.AppStore|x64.Build.0 = Release|x64
		{708B9438-8A94-46CC-A1B6-B93A04CFB5B3}.AppStore|x64.Deploy.0 = Release|x64
		{708B9438-8A94-46CC-A1B6-B93A04CFB5B3}.AppStore|x86.ActiveCfg = Release|x86
		{708B9438-8A94-46CC-A1B6-B93A04CFB5B3}.AppStore|x86.Build.0 = Release|x86
		{708B9438-8A94-46CC-A1B6-B93A04CFB5B3}.AppStore|x86.Deploy.0 = Release|x86
		{708B9438-8A94-46CC-A1B6-B93A04CFB5B3}.Debug|Any CPU.ActiveCfg = Debug|x86
		{708B9438-8A94-46CC-A1B6-B93A04CFB5B3}.Debug|ARM.ActiveCfg = Debug|ARM
		{708B9438-8A94-46CC-A1B6-B93A04CFB5B3}.Debug|ARM.Build.0 = Debug|ARM
		{708B9438-8A94-46CC-A1B6-B93A04CFB5B3}.Debug|ARM.Deploy.0 = Debug|ARM
		{708B9438-8A94-46CC-A1B6-B93A04CFB5B3}.Debug|iPhone.ActiveCfg = Debug|x86
		{708B9438-8A94-46CC-A1B6-B93A04CFB5B3}.Debug|iPhoneSimulator.ActiveCfg = Debug|x86
		{708B9438-8A94-46CC-A1B6-B93A04CFB5B3}.Debug|x64.ActiveCfg = Debug|x64
		{708B9438-8A94-46CC-A1B6-B93A04CFB5B3}.Debug|x64.Build.0 = Debug|x64
		{708B9438-8A94-46CC-A1B6-B93A04CFB5B3}.Debug|x64.Deploy.0 = Debug|x64
		{708B9438-8A94-46CC-A1B6-B93A04CFB5B3}.Debug|x86.ActiveCfg = Debug|x86
		{708B9438-8A94-46CC-A1B6-B93A04CFB5B3}.Debug|x86.Build.0 = Debug|x86
		{708B9438-8A94-46CC-A1B6-B93A04CFB5B3}.Debug|x86.Deploy.0 = Debug|x86
		{708B9438-8A94-46CC-A1B6-B93A04CFB5B3}.Release|Any CPU.ActiveCfg = Release|x86
		{708B9438-8A94-46CC-A1B6-B93A04CFB5B3}.Release|ARM.ActiveCfg = Release|ARM
		{708B9438-8A94-46CC-A1B6-B93A04CFB5B3}.Release|ARM.Build.0 = Release|ARM
		{708B9438-8A94-46CC-A1B6-B93A04CFB5B3}.Release|ARM.Deploy.0 = Release|ARM
		{708B9438-8A94-46CC-A1B6-B93A04CFB5B3}.Release|iPhone.ActiveCfg = Release|x86
		{708B9438-8A94-46CC-A1B6-B93A04CFB5B3}.Release|iPhoneSimulator.ActiveCfg = Release|x86
		{708B9438-8A94-46CC-A1B6-B93A04CFB5B3}.Release|x64.ActiveCfg = Release|x64
		{708B9438-8A94-46CC-A1B6-B93A04CFB5B3}.Release|x64.Build.0 = Release|x64
		{708B9438-8A94-46CC-A1B6-B93A04CFB5B3}.Release|x64.Deploy.0 = Release|x64
		{708B9438-8A94-46CC-A1B6-B93A04CFB5B3}.Release|x86.ActiveCfg = Release|x86
		{708B9438-8A94-46CC-A1B6-B93A04CFB5B3}.Release|x86.Build.0 = Release|x86
		{708B9438-8A94-46CC-A1B6-B93A04CFB5B3}.Release|x86.Deploy.0 = Release|x86
		{9B17D6A5-8732-42E3-BE96-3D3B76D7E6D2}.Ad-Hoc|Any CPU.ActiveCfg = Ad-Hoc|iPhoneSimulator
		{9B17D6A5-8732-42E3-BE96-3D3B76D7E6D2}.Ad-Hoc|ARM.ActiveCfg = Ad-Hoc|iPhone
		{9B17D6A5-8732-42E3-BE96-3D3B76D7E6D2}.Ad-Hoc|iPhone.ActiveCfg = Ad-Hoc|iPhone
		{9B17D6A5-8732-42E3-BE96-3D3B76D7E6D2}.Ad-Hoc|iPhone.Build.0 = Ad-Hoc|iPhone
		{9B17D6A5-8732-42E3-BE96-3D3B76D7E6D2}.Ad-Hoc|iPhoneSimulator.ActiveCfg = Ad-Hoc|iPhoneSimulator
		{9B17D6A5-8732-42E3-BE96-3D3B76D7E6D2}.Ad-Hoc|iPhoneSimulator.Build.0 = Ad-Hoc|iPhoneSimulator
		{9B17D6A5-8732-42E3-BE96-3D3B76D7E6D2}.Ad-Hoc|x64.ActiveCfg = Ad-Hoc|iPhone
		{9B17D6A5-8732-42E3-BE96-3D3B76D7E6D2}.Ad-Hoc|x86.ActiveCfg = Ad-Hoc|iPhone
		{9B17D6A5-8732-42E3-BE96-3D3B76D7E6D2}.AppStore|Any CPU.ActiveCfg = AppStore|iPhoneSimulator
		{9B17D6A5-8732-42E3-BE96-3D3B76D7E6D2}.AppStore|ARM.ActiveCfg = AppStore|iPhone
		{9B17D6A5-8732-42E3-BE96-3D3B76D7E6D2}.AppStore|iPhone.ActiveCfg = AppStore|iPhone
		{9B17D6A5-8732-42E3-BE96-3D3B76D7E6D2}.AppStore|iPhone.Build.0 = AppStore|iPhone
		{9B17D6A5-8732-42E3-BE96-3D3B76D7E6D2}.AppStore|iPhoneSimulator.ActiveCfg = AppStore|iPhoneSimulator
		{9B17D6A5-8732-42E3-BE96-3D3B76D7E6D2}.AppStore|iPhoneSimulator.Build.0 = AppStore|iPhoneSimulator
		{9B17D6A5-8732-42E3-BE96-3D3B76D7E6D2}.AppStore|x64.ActiveCfg = AppStore|iPhone
		{9B17D6A5-8732-42E3-BE96-3D3B76D7E6D2}.AppStore|x86.ActiveCfg = AppStore|iPhone
		{9B17D6A5-8732-42E3-BE96-3D3B76D7E6D2}.Debug|Any CPU.ActiveCfg = Debug|iPhoneSimulator
		{9B17D6A5-8732-42E3-BE96-3D3B76D7E6D2}.Debug|ARM.ActiveCfg = Debug|iPhone
		{9B17D6A5-8732-42E3-BE96-3D3B76D7E6D2}.Debug|iPhone.ActiveCfg = Debug|iPhone
		{9B17D6A5-8732-42E3-BE96-3D3B76D7E6D2}.Debug|iPhone.Build.0 = Debug|iPhone
		{9B17D6A5-8732-42E3-BE96-3D3B76D7E6D2}.Debug|iPhoneSimulator.ActiveCfg = Debug|iPhoneSimulator
		{9B17D6A5-8732-42E3-BE96-3D3B76D7E6D2}.Debug|iPhoneSimulator.Build.0 = Debug|iPhoneSimulator
		{9B17D6A5-8732-42E3-BE96-3D3B76D7E6D2}.Debug|x64.ActiveCfg = Debug|iPhone
		{9B17D6A5-8732-42E3-BE96-3D3B76D7E6D2}.Debug|x86.ActiveCfg = Debug|iPhone
		{9B17D6A5-8732-42E3-BE96-3D3B76D7E6D2}.Debug|x86.Build.0 = Debug|iPhone
		{9B17D6A5-8732-42E3-BE96-3D3B76D7E6D2}.Release|Any CPU.ActiveCfg = Release|iPhoneSimulator
		{9B17D6A5-8732-42E3-BE96-3D3B76D7E6D2}.Release|ARM.ActiveCfg = Release|iPhone
		{9B17D6A5-8732-42E3-BE96-3D3B76D7E6D2}.Release|iPhone.ActiveCfg = Release|iPhone
		{9B17D6A5-8732-42E3-BE96-3D3B76D7E6D2}.Release|iPhone.Build.0 = Release|iPhone
		{9B17D6A5-8732-42E3-BE96-3D3B76D7E6D2}.Release|iPhoneSimulator.ActiveCfg = Release|iPhoneSimulator
		{9B17D6A5-8732-42E3-BE96-3D3B76D7E6D2}.Release|iPhoneSimulator.Build.0 = Release|iPhoneSimulator
		{9B17D6A5-8732-42E3-BE96-3D3B76D7E6D2}.Release|x64.ActiveCfg = Release|iPhone
		{9B17D6A5-8732-42E3-BE96-3D3B76D7E6D2}.Release|x86.ActiveCfg = Release|iPhone
	EndGlobalSection
	GlobalSection(SolutionProperties) = preSolution
		HideSolutionNode = FALSE
	EndGlobalSection
	GlobalSection(ExtensibilityGlobals) = postSolution
		SolutionGuid = {57CB9846-3970-4B87-964E-A069886AF1A1}
	EndGlobalSection
EndGlobal
